
Microsoft Visual Studio Solution File, Format Version 12.00
# Visual Studio Version 17
VisualStudioVersion = 17.9.34701.34
MinimumVisualStudioVersion = 10.0.40219.1
Project("{9A19103F-16F7-4668-BE54-9A1E7A4F7556}") = "MyWebFramework.App", "MyWebFramework.App\MyWebFramework.App.csproj", "{029EB339-758D-4186-9931-A94FF1C56FBC}"
EndProject
Project("{9A19103F-16F7-4668-BE54-9A1E7A4F7556}") = "MyWebFramework.HTTP", "MyWebFramework.HTTP\MyWebFramework.HTTP.csproj", "{8702C8BB-A2DB-4121-A812-D62DB0A0ECEE}"
EndProject
Project("{9A19103F-16F7-4668-BE54-9A1E7A4F7556}") = "MyWebFramework.MvcEngine", "MyWebFramework.MvcEngine\MyWebFramework.MvcEngine.csproj", "{70441DEF-253D-42E3-8234-773B74DE4672}"
EndProject
Project("{FAE04EC0-301F-11D3-BF4B-00C04F79EFBC}") = "MyWebFramework.Common", "MyWebFramework.Common\MyWebFramework.Common.csproj", "{9A76793F-3D06-43AD-8531-2C614CA7ED49}"
EndProject
Global
	GlobalSection(SolutionConfigurationPlatforms) = preSolution
		Debug|Any CPU = Debug|Any CPU
		Release|Any CPU = Release|Any CPU
	EndGlobalSection
	GlobalSection(ProjectConfigurationPlatforms) = postSolution
		{029EB339-758D-4186-9931-A94FF1C56FBC}.Debug|Any CPU.ActiveCfg = Debug|Any CPU
		{029EB339-758D-4186-9931-A94FF1C56FBC}.Debug|Any CPU.Build.0 = Debug|Any CPU
		{029EB339-758D-4186-9931-A94FF1C56FBC}.Release|Any CPU.ActiveCfg = Release|Any CPU
		{029EB339-758D-4186-9931-A94FF1C56FBC}.Release|Any CPU.Build.0 = Release|Any CPU
		{8702C8BB-A2DB-4121-A812-D62DB0A0ECEE}.Debug|Any CPU.ActiveCfg = Debug|Any CPU
		{8702C8BB-A2DB-4121-A812-D62DB0A0ECEE}.Debug|Any CPU.Build.0 = Debug|Any CPU
		{8702C8BB-A2DB-4121-A812-D62DB0A0ECEE}.Release|Any CPU.ActiveCfg = Release|Any CPU
		{8702C8BB-A2DB-4121-A812-D62DB0A0ECEE}.Release|Any CPU.Build.0 = Release|Any CPU
		{70441DEF-253D-42E3-8234-773B74DE4672}.Debug|Any CPU.ActiveCfg = Debug|Any CPU
		{70441DEF-253D-42E3-8234-773B74DE4672}.Debug|Any CPU.Build.0 = Debug|Any CPU
		{70441DEF-253D-42E3-8234-773B74DE4672}.Release|Any CPU.ActiveCfg = Release|Any CPU
		{70441DEF-253D-42E3-8234-773B74DE4672}.Release|Any CPU.Build.0 = Release|Any CPU
		{9A76793F-3D06-43AD-8531-2C614CA7ED49}.Debug|Any CPU.ActiveCfg = Debug|Any CPU
		{9A76793F-3D06-43AD-8531-2C614CA7ED49}.Debug|Any CPU.Build.0 = Debug|Any CPU
		{9A76793F-3D06-43AD-8531-2C614CA7ED49}.Release|Any CPU.ActiveCfg = Release|Any CPU
		{9A76793F-3D06-43AD-8531-2C614CA7ED49}.Release|Any CPU.Build.0 = Release|Any CPU
	EndGlobalSection
	GlobalSection(SolutionProperties) = preSolution
		HideSolutionNode = FALSE
	EndGlobalSection
	GlobalSection(ExtensibilityGlobals) = postSolution
		SolutionGuid = {434A4479-8A06-45AE-8021-C71D03549E18}
	EndGlobalSection
EndGlobal
